
Microsoft Visual Studio Solution File, Format Version 12.00
# Visual Studio Version 17
VisualStudioVersion = 17.8.34322.80
MinimumVisualStudioVersion = 10.0.40219.1
Project("{FAE04EC0-301F-11D3-BF4B-00C04F79EFBC}") = "datagridview_ejem1", "datagridview_ejem1\datagridview_ejem1.csproj", "{6D9FFB08-0289-41A8-AE90-09EAEFF9CD35}"
EndProject
Global
	GlobalSection(SolutionConfigurationPlatforms) = preSolution
		Debug|Any CPU = Debug|Any CPU
		Release|Any CPU = Release|Any CPU
	EndGlobalSection
	GlobalSection(ProjectConfigurationPlatforms) = postSolution
		{6D9FFB08-0289-41A8-AE90-09EAEFF9CD35}.Debug|Any CPU.ActiveCfg = Debug|Any CPU
		{6D9FFB08-0289-41A8-AE90-09EAEFF9CD35}.Debug|Any CPU.Build.0 = Debug|Any CPU
		{6D9FFB08-0289-41A8-AE90-09EAEFF9CD35}.Release|Any CPU.ActiveCfg = Release|Any CPU
		{6D9FFB08-0289-41A8-AE90-09EAEFF9CD35}.Release|Any CPU.Build.0 = Release|Any CPU
	EndGlobalSection
	GlobalSection(SolutionProperties) = preSolution
		HideSolutionNode = FALSE
	EndGlobalSection
	GlobalSection(ExtensibilityGlobals) = postSolution
		SolutionGuid = {B2CA16D7-704C-484B-BB90-FF9E579BA830}
	EndGlobalSection
EndGlobal
